
Microsoft Visual Studio Solution File, Format Version 12.00
# Visual Studio Version 16
VisualStudioVersion = 16.0.30128.36
MinimumVisualStudioVersion = 10.0.40219.1
Project("{FAE04EC0-301F-11D3-BF4B-00C04F79EFBC}") = "RugbyLeague", "RugbyLeague\RugbyLeague.csproj", "{8F64572D-B9CD-42A2-A1A3-7E412C5DAE06}"
EndProject
Project("{FAE04EC0-301F-11D3-BF4B-00C04F79EFBC}") = "RugbyLeague.Data", "RugbyLeague.Data\RugbyLeague.Data.csproj", "{5ECE9B77-F228-4943-832F-7133940C1D1D}"
EndProject
Global
	GlobalSection(SolutionConfigurationPlatforms) = preSolution
		Debug|Any CPU = Debug|Any CPU
		Release|Any CPU = Release|Any CPU
	EndGlobalSection
	GlobalSection(ProjectConfigurationPlatforms) = postSolution
		{8F64572D-B9CD-42A2-A1A3-7E412C5DAE06}.Debug|Any CPU.ActiveCfg = Debug|Any CPU
		{8F64572D-B9CD-42A2-A1A3-7E412C5DAE06}.Debug|Any CPU.Build.0 = Debug|Any CPU
		{8F64572D-B9CD-42A2-A1A3-7E412C5DAE06}.Release|Any CPU.ActiveCfg = Release|Any CPU
		{8F64572D-B9CD-42A2-A1A3-7E412C5DAE06}.Release|Any CPU.Build.0 = Release|Any CPU
		{5ECE9B77-F228-4943-832F-7133940C1D1D}.Debug|Any CPU.ActiveCfg = Debug|Any CPU
		{5ECE9B77-F228-4943-832F-7133940C1D1D}.Debug|Any CPU.Build.0 = Debug|Any CPU
		{5ECE9B77-F228-4943-832F-7133940C1D1D}.Release|Any CPU.ActiveCfg = Release|Any CPU
		{5ECE9B77-F228-4943-832F-7133940C1D1D}.Release|Any CPU.Build.0 = Release|Any CPU
	EndGlobalSection
	GlobalSection(SolutionProperties) = preSolution
		HideSolutionNode = FALSE
	EndGlobalSection
	GlobalSection(ExtensibilityGlobals) = postSolution
		SolutionGuid = {E611F28D-6D80-4E06-8FF4-D8112673D890}
	EndGlobalSection
EndGlobal
